
Microsoft Visual Studio Solution File, Format Version 12.00
Project("{FAE04EC0-301F-11D3-BF4B-00C04F79EFBC}") = "WebApp", "WebApp\WebApp.csproj", "{98A9F089-23C5-4C2D-9036-C2521F3471F7}"
EndProject
Project("{2150E333-8FDC-42A3-9474-1A3956D46DE8}") = "SolutionFiles", "SolutionFiles", "{7084B446-1472-46CB-8E3B-71AA94C6794A}"
	ProjectSection(SolutionItems) = preProject
		.gitignore = .gitignore
		.github\workflows\main.yml = .github\workflows\main.yml
		README.md = README.md
	EndProjectSection
EndProject
Global
	GlobalSection(SolutionConfigurationPlatforms) = preSolution
		Debug|Any CPU = Debug|Any CPU
		Release|Any CPU = Release|Any CPU
	EndGlobalSection
	GlobalSection(ProjectConfigurationPlatforms) = postSolution
		{98A9F089-23C5-4C2D-9036-C2521F3471F7}.Debug|Any CPU.ActiveCfg = Debug|Any CPU
		{98A9F089-23C5-4C2D-9036-C2521F3471F7}.Debug|Any CPU.Build.0 = Debug|Any CPU
		{98A9F089-23C5-4C2D-9036-C2521F3471F7}.Release|Any CPU.ActiveCfg = Release|Any CPU
		{98A9F089-23C5-4C2D-9036-C2521F3471F7}.Release|Any CPU.Build.0 = Release|Any CPU
	EndGlobalSection
EndGlobal
